
Microsoft Visual Studio Solution File, Format Version 12.00
# Visual Studio Version 16
VisualStudioVersion = 16.0.33423.256
MinimumVisualStudioVersion = 10.0.40219.1
Project("{FAE04EC0-301F-11D3-BF4B-00C04F79EFBC}") = "OnlineTicariOtomasyonProjesiMVC5", "OnlineTicariOtomasyonProjesiMVC5\OnlineTicariOtomasyonProjesiMVC5.csproj", "{238288CF-835F-4400-A65F-0FA096C712AC}"
EndProject
Global
	GlobalSection(SolutionConfigurationPlatforms) = preSolution
		Debug|Any CPU = Debug|Any CPU
		Release|Any CPU = Release|Any CPU
	EndGlobalSection
	GlobalSection(ProjectConfigurationPlatforms) = postSolution
		{238288CF-835F-4400-A65F-0FA096C712AC}.Debug|Any CPU.ActiveCfg = Debug|Any CPU
		{238288CF-835F-4400-A65F-0FA096C712AC}.Debug|Any CPU.Build.0 = Debug|Any CPU
		{238288CF-835F-4400-A65F-0FA096C712AC}.Release|Any CPU.ActiveCfg = Release|Any CPU
		{238288CF-835F-4400-A65F-0FA096C712AC}.Release|Any CPU.Build.0 = Release|Any CPU
	EndGlobalSection
	GlobalSection(SolutionProperties) = preSolution
		HideSolutionNode = FALSE
	EndGlobalSection
	GlobalSection(ExtensibilityGlobals) = postSolution
		SolutionGuid = {F0916E55-58FD-407A-93FE-CBDFF14DEB74}
	EndGlobalSection
EndGlobal
